PODS:
  - RxCocoa (2.2.0):
    - RxSwift (~> 2.2)
  - RxSwift (2.2.0)
  - ScrollableTabs (0.1.1):
    - RxCocoa (~> 2.1)
    - RxSwift (~> 2.1)

DEPENDENCIES:
  - ScrollableTabs (from `../`)

EXTERNAL SOURCES:
  ScrollableTabs:
    :path: "../"

SPEC CHECKSUMS:
  RxCocoa: 42efb7a7145a8d1d5878e94ce48a580d29e0c796
  RxSwift: b8a749f2204c6c7a5c29b306a9c3bc11d5b87c5b
  ScrollableTabs: 3076c01ca90756401633f718c337fce57869323d

COCOAPODS: 0.39.0
