PODS:
  - DCIntrospect-ARC (0.0.8)
  - RxCocoa (2.6.1):
    - RxSwift (~> 2.6)
  - RxSwift (2.6.1)
  - ScrollableTabs (0.1.3):
    - RxCocoa (~> 2.1)
    - RxSwift (~> 2.1)

DEPENDENCIES:
  - DCIntrospect-ARC
  - ScrollableTabs (from `../`)

EXTERNAL SOURCES:
  ScrollableTabs:
    :path: "../"

SPEC CHECKSUMS:
  DCIntrospect-ARC: 68a97cc2e99420b21bfcd66865b5376701f8e7f5
  RxCocoa: 3bb2820fd2a1ba48a70d38926bec0803838ae802
  RxSwift: 0147fbf94e65c6085da9540de92848189ac1c3f6
  ScrollableTabs: d609cabb8e25775d63739028dee62024673cea9f

PODFILE CHECKSUM: ee5637b8e4ab789ebb0e96883653124eb40e675c

COCOAPODS: 1.1.1
