// !$*UTF8*$!
{
	archiveVersion = 1;
	classes = {
	};
	objectVersion = 46;
	objects = {

/* Begin PBXBuildFile section */
		54E373E11E34B2A700418B2D /* ScrollableTabs.framework in Frameworks */ = {isa = PBXBuildFile; fileRef = 54E373DF1E34B24000418B2D /* ScrollableTabs.framework */; };
		54E373E41E34B43F00418B2D /* RxSwift.framework in Frameworks */ = {isa = PBXBuildFile; fileRef = 54E373E31E34B43F00418B2D /* RxSwift.framework */; };
		54E373E61E34B44D00418B2D /* RxCocoa.framework in Frameworks */ = {isa = PBXBuildFile; fileRef = 54E373E51E34B44D00418B2D /* RxCocoa.framework */; };
		54FBDA031C66518400454B65 /* AnotherChildViewController.swift in Sources */ = {isa = PBXBuildFile; fileRef = 54FBD9FB1C66518400454B65 /* AnotherChildViewController.swift */; };
		54FBDA041C66518400454B65 /* ChildViewController.swift in Sources */ = {isa = PBXBuildFile; fileRef = 54FBD9FC1C66518400454B65 /* ChildViewController.swift */; };
		54FBDA051C66518400454B65 /* AppDelegate.swift in Sources */ = {isa = PBXBuildFile; fileRef = 54FBD9FD1C66518400454B65 /* AppDelegate.swift */; };
		54FBDA061C66518400454B65 /* tabKbPlusD@2x.png in Resources */ = {isa = PBXBuildFile; fileRef = 54FBD9FE1C66518400454B65 /* tabKbPlusD@2x.png */; };
		54FBDA071C66518400454B65 /* tabKbPlusE@2x.png in Resources */ = {isa = PBXBuildFile; fileRef = 54FBD9FF1C66518400454B65 /* tabKbPlusE@2x.png */; };
		54FBDA081C66518400454B65 /* tabNumD@2x.png in Resources */ = {isa = PBXBuildFile; fileRef = 54FBDA001C66518400454B65 /* tabNumD@2x.png */; };
		54FBDA091C66518400454B65 /* tabNumE@2x.png in Resources */ = {isa = PBXBuildFile; fileRef = 54FBDA011C66518400454B65 /* tabNumE@2x.png */; };
		54FBDA0A1C66518400454B65 /* ViewController.swift in Sources */ = {isa = PBXBuildFile; fileRef = 54FBDA021C66518400454B65 /* ViewController.swift */; };
		54FBDA1F1C665B0E00454B65 /* LaunchScreen.xib in Resources */ = {isa = PBXBuildFile; fileRef = 54FBDA1A1C665B0E00454B65 /* LaunchScreen.xib */; };
		54FBDA201C665B0E00454B65 /* Main.storyboard in Resources */ = {isa = PBXBuildFile; fileRef = 54FBDA1C1C665B0E00454B65 /* Main.storyboard */; };
		54FBDA211C665B0E00454B65 /* Images.xcassets in Resources */ = {isa = PBXBuildFile; fileRef = 54FBDA1E1C665B0E00454B65 /* Images.xcassets */; };
/* End PBXBuildFile section */

/* Begin PBXFileReference section */
		54E373DF1E34B24000418B2D /* ScrollableTabs.framework */ = {isa = PBXFileReference; lastKnownFileType = wrapper.framework; name = ScrollableTabs.framework; path = Carthage/Build/iOS/ScrollableTabs.framework; sourceTree = "<group>"; };
		54E373E31E34B43F00418B2D /* RxSwift.framework */ = {isa = PBXFileReference; lastKnownFileType = wrapper.framework; name = RxSwift.framework; path = Carthage/Build/iOS/RxSwift.framework; sourceTree = "<group>"; };
		54E373E51E34B44D00418B2D /* RxCocoa.framework */ = {isa = PBXFileReference; lastKnownFileType = wrapper.framework; name = RxCocoa.framework; path = Carthage/Build/iOS/RxCocoa.framework; sourceTree = "<group>"; };
		54FBD9E61C664F2800454B65 /* ScrollableTabs-Example.app */ = {isa = PBXFileReference; explicitFileType = wrapper.application; includeInIndex = 0; path = "ScrollableTabs-Example.app"; sourceTree = BUILT_PRODUCTS_DIR; };
		54FBD9F51C664F2800454B65 /* Info.plist */ = {isa = PBXFileReference; lastKnownFileType = text.plist.xml; path = Info.plist; sourceTree = "<group>"; };
		54FBD9FB1C66518400454B65 /* AnotherChildViewController.swift */ = {isa = PBXFileReference; fileEncoding = 4; lastKnownFileType = sourcecode.swift; path = AnotherChildViewController.swift; sourceTree = "<group>"; };
		54FBD9FC1C66518400454B65 /* ChildViewController.swift */ = {isa = PBXFileReference; fileEncoding = 4; lastKnownFileType = sourcecode.swift; path = ChildViewController.swift; sourceTree = "<group>"; };
		54FBD9FD1C66518400454B65 /* AppDelegate.swift */ = {isa = PBXFileReference; fileEncoding = 4; lastKnownFileType = sourcecode.swift; path = AppDelegate.swift; sourceTree = "<group>"; };
		54FBD9FE1C66518400454B65 /* tabKbPlusD@2x.png */ = {isa = PBXFileReference; lastKnownFileType = image.png; path = "tabKbPlusD@2x.png"; sourceTree = "<group>"; };
		54FBD9FF1C66518400454B65 /* tabKbPlusE@2x.png */ = {isa = PBXFileReference; lastKnownFileType = image.png; path = "tabKbPlusE@2x.png"; sourceTree = "<group>"; };
		54FBDA001C66518400454B65 /* tabNumD@2x.png */ = {isa = PBXFileReference; lastKnownFileType = image.png; path = "tabNumD@2x.png"; sourceTree = "<group>"; };
		54FBDA011C66518400454B65 /* tabNumE@2x.png */ = {isa = PBXFileReference; lastKnownFileType = image.png; path = "tabNumE@2x.png"; sourceTree = "<group>"; };
		54FBDA021C66518400454B65 /* ViewController.swift */ = {isa = PBXFileReference; fileEncoding = 4; lastKnownFileType = sourcecode.swift; path = ViewController.swift; sourceTree = "<group>"; };
		54FBDA1B1C665B0E00454B65 /* Base */ = {isa = PBXFileReference; lastKnownFileType = file.xib; name = Base; path = LaunchScreen.xib; sourceTree = "<group>"; };
		54FBDA1D1C665B0E00454B65 /* Base */ = {isa = PBXFileReference; lastKnownFileType = file.storyboard; name = Base; path = Main.storyboard; sourceTree = "<group>"; };
		54FBDA1E1C665B0E00454B65 /* Images.xcassets */ = {isa = PBXFileReference; lastKnownFileType = folder.assetcatalog; path = Images.xcassets; sourceTree = "<group>"; };
/* End PBXFileReference section */

/* Begin PBXFrameworksBuildPhase section */
		54FBD9E31C664F2800454B65 /* Frameworks */ = {
			isa = PBXFrameworksBuildPhase;
			buildActionMask = 2147483647;
			files = (
				54E373E61E34B44D00418B2D /* RxCocoa.framework in Frameworks */,
				54E373E41E34B43F00418B2D /* RxSwift.framework in Frameworks */,
				54E373E11E34B2A700418B2D /* ScrollableTabs.framework in Frameworks */,
			);
			runOnlyForDeploymentPostprocessing = 0;
		};
/* End PBXFrameworksBuildPhase section */

/* Begin PBXGroup section */
		54E373DE1E34B24000418B2D /* Frameworks */ = {
			isa = PBXGroup;
			children = (
				54E373E51E34B44D00418B2D /* RxCocoa.framework */,
				54E373E31E34B43F00418B2D /* RxSwift.framework */,
				54E373DF1E34B24000418B2D /* ScrollableTabs.framework */,
			);
			name = Frameworks;
			sourceTree = "<group>";
		};
		54FBD9DD1C664F2800454B65 = {
			isa = PBXGroup;
			children = (
				54FBD9E81C664F2800454B65 /* ScrollableTabs-Example */,
				54FBD9E71C664F2800454B65 /* Products */,
				54E373DE1E34B24000418B2D /* Frameworks */,
			);
			sourceTree = "<group>";
		};
		54FBD9E71C664F2800454B65 /* Products */ = {
			isa = PBXGroup;
			children = (
				54FBD9E61C664F2800454B65 /* ScrollableTabs-Example.app */,
			);
			name = Products;
			sourceTree = "<group>";
		};
		54FBD9E81C664F2800454B65 /* ScrollableTabs-Example */ = {
			isa = PBXGroup;
			children = (
				54FBD9FB1C66518400454B65 /* AnotherChildViewController.swift */,
				54FBD9FC1C66518400454B65 /* ChildViewController.swift */,
				54FBD9FD1C66518400454B65 /* AppDelegate.swift */,
				54FBD9FE1C66518400454B65 /* tabKbPlusD@2x.png */,
				54FBD9FF1C66518400454B65 /* tabKbPlusE@2x.png */,
				54FBDA001C66518400454B65 /* tabNumD@2x.png */,
				54FBDA011C66518400454B65 /* tabNumE@2x.png */,
				54FBDA021C66518400454B65 /* ViewController.swift */,
				54FBD9F51C664F2800454B65 /* Info.plist */,
				54FBDA191C665B0E00454B65 /* Base.lproj */,
				54FBDA1E1C665B0E00454B65 /* Images.xcassets */,
			);
			path = "ScrollableTabs-Example";
			sourceTree = "<group>";
		};
		54FBDA191C665B0E00454B65 /* Base.lproj */ = {
			isa = PBXGroup;
			children = (
				54FBDA1A1C665B0E00454B65 /* LaunchScreen.xib */,
				54FBDA1C1C665B0E00454B65 /* Main.storyboard */,
			);
			path = Base.lproj;
			sourceTree = "<group>";
		};
/* End PBXGroup section */

/* Begin PBXNativeTarget section */
		54FBD9E51C664F2800454B65 /* ScrollableTabs-Example */ = {
			isa = PBXNativeTarget;
			buildConfigurationList = 54FBD9F81C664F2800454B65 /* Build configuration list for PBXNativeTarget "ScrollableTabs-Example" */;
			buildPhases = (
				54FBD9E21C664F2800454B65 /* Sources */,
				54FBD9E31C664F2800454B65 /* Frameworks */,
				54FBD9E41C664F2800454B65 /* Resources */,
				54E373E21E34B2CA00418B2D /* ShellScript */,
			);
			buildRules = (
			);
			dependencies = (
			);
			name = "ScrollableTabs-Example";
			productName = "ScrollableTabs-Example";
			productReference = 54FBD9E61C664F2800454B65 /* ScrollableTabs-Example.app */;
			productType = "com.apple.product-type.application";
		};
/* End PBXNativeTarget section */

/* Begin PBXProject section */
		54FBD9DE1C664F2800454B65 /* Project object */ = {
			isa = PBXProject;
			attributes = {
				LastSwiftUpdateCheck = 0720;
				LastUpgradeCheck = 0810;
				ORGANIZATIONNAME = kumapo;
				TargetAttributes = {
					54FBD9E51C664F2800454B65 = {
						CreatedOnToolsVersion = 7.2.1;
						LastSwiftMigration = 0810;
					};
				};
			};
			buildConfigurationList = 54FBD9E11C664F2800454B65 /* Build configuration list for PBXProject "ScrollableTabs-Example" */;
			compatibilityVersion = "Xcode 3.2";
			developmentRegion = English;
			hasScannedForEncodings = 0;
			knownRegions = (
				en,
				Base,
			);
			mainGroup = 54FBD9DD1C664F2800454B65;
			productRefGroup = 54FBD9E71C664F2800454B65 /* Products */;
			projectDirPath = "";
			projectRoot = "";
			targets = (
				54FBD9E51C664F2800454B65 /* ScrollableTabs-Example */,
			);
		};
/* End PBXProject section */

/* Begin PBXResourcesBuildPhase section */
		54FBD9E41C664F2800454B65 /* Resources */ = {
			isa = PBXResourcesBuildPhase;
			buildActionMask = 2147483647;
			files = (
				54FBDA1F1C665B0E00454B65 /* LaunchScreen.xib in Resources */,
				54FBDA061C66518400454B65 /* tabKbPlusD@2x.png in Resources */,
				54FBDA211C665B0E00454B65 /* Images.xcassets in Resources */,
				54FBDA091C66518400454B65 /* tabNumE@2x.png in Resources */,
				54FBDA201C665B0E00454B65 /* Main.storyboard in Resources */,
				54FBDA071C66518400454B65 /* tabKbPlusE@2x.png in Resources */,
				54FBDA081C66518400454B65 /* tabNumD@2x.png in Resources */,
			);
			runOnlyForDeploymentPostprocessing = 0;
		};
/* End PBXResourcesBuildPhase section */

/* Begin PBXShellScriptBuildPhase section */
		54E373E21E34B2CA00418B2D /* ShellScript */ = {
			isa = PBXShellScriptBuildPhase;
			buildActionMask = 2147483647;
			files = (
			);
			inputPaths = (
				"$(SRCROOT)/Carthage/Build/iOS/ScrollableTabs.framework",
				"$(SRCROOT)/Carthage/Build/iOS/RxSwift.framework",
				"$(SRCROOT)/Carthage/Build/iOS/RxCocoa.framework",
			);
			outputPaths = (
			);
			runOnlyForDeploymentPostprocessing = 0;
			shellPath = /bin/sh;
			shellScript = "/usr/local/bin/carthage copy-frameworks";
		};
/* End PBXShellScriptBuildPhase section */

/* Begin PBXSourcesBuildPhase section */
		54FBD9E21C664F2800454B65 /* Sources */ = {
			isa = PBXSourcesBuildPhase;
			buildActionMask = 2147483647;
			files = (
				54FBDA051C66518400454B65 /* AppDelegate.swift in Sources */,
				54FBDA031C66518400454B65 /* AnotherChildViewController.swift in Sources */,
				54FBDA0A1C66518400454B65 /* ViewController.swift in Sources */,
				54FBDA041C66518400454B65 /* ChildViewController.swift in Sources */,
			);
			runOnlyForDeploymentPostprocessing = 0;
		};
/* End PBXSourcesBuildPhase section */

/* Begin PBXVariantGroup section */
		54FBDA1A1C665B0E00454B65 /* LaunchScreen.xib */ = {
			isa = PBXVariantGroup;
			children = (
				54FBDA1B1C665B0E00454B65 /* Base */,
			);
			name = LaunchScreen.xib;
			sourceTree = "<group>";
		};
		54FBDA1C1C665B0E00454B65 /* Main.storyboard */ = {
			isa = PBXVariantGroup;
			children = (
				54FBDA1D1C665B0E00454B65 /* Base */,
			);
			name = Main.storyboard;
			sourceTree = "<group>";
		};
/* End PBXVariantGroup section */

/* Begin XCBuildConfiguration section */
		54FBD9F61C664F2800454B65 /* Debug */ = {
			isa = XCBuildConfiguration;
			buildSettings = {
				ALWAYS_SEARCH_USER_PATHS = NO;
				CLANG_CXX_LANGUAGE_STANDARD = "gnu++0x";
				CLANG_CXX_LIBRARY = "libc++";
				CLANG_ENABLE_MODULES = YES;
				CLANG_ENABLE_OBJC_ARC = YES;
				CLANG_WARN_BOOL_CONVERSION = YES;
				CLANG_WARN_CONSTANT_CONVERSION = YES;
				CLANG_WARN_DIRECT_OBJC_ISA_USAGE = YES_ERROR;
				CLANG_WARN_EMPTY_BODY = YES;
				CLANG_WARN_ENUM_CONVERSION = YES;
				CLANG_WARN_INFINITE_RECURSION = YES;
				CLANG_WARN_INT_CONVERSION = YES;
				CLANG_WARN_OBJC_ROOT_CLASS = YES_ERROR;
				CLANG_WARN_SUSPICIOUS_MOVE = YES;
				CLANG_WARN_UNREACHABLE_CODE = YES;
				CLANG_WARN__DUPLICATE_METHOD_MATCH = YES;
				"CODE_SIGN_IDENTITY[sdk=iphoneos*]" = "iPhone Developer";
				COPY_PHASE_STRIP = NO;
				DEBUG_INFORMATION_FORMAT = dwarf;
				ENABLE_STRICT_OBJC_MSGSEND = YES;
				ENABLE_TESTABILITY = YES;
				GCC_C_LANGUAGE_STANDARD = gnu99;
				GCC_DYNAMIC_NO_PIC = NO;
				GCC_NO_COMMON_BLOCKS = YES;
				GCC_OPTIMIZATION_LEVEL = 0;
				GCC_PREPROCESSOR_DEFINITIONS = (
					"DEBUG=1",
					"$(inherited)",
				);
				GCC_WARN_64_TO_32_BIT_CONVERSION = YES;
				GCC_WARN_ABOUT_RETURN_TYPE = YES_ERROR;
				GCC_WARN_UNDECLARED_SELECTOR = YES;
				GCC_WARN_UNINITIALIZED_AUTOS = YES_AGGRESSIVE;
				GCC_WARN_UNUSED_FUNCTION = YES;
				GCC_WARN_UNUSED_VARIABLE = YES;
				IPHONEOS_DEPLOYMENT_TARGET = 9.2;
				MTL_ENABLE_DEBUG_INFO = YES;
				ONLY_ACTIVE_ARCH = YES;
				SDKROOT = iphoneos;
				SWIFT_OPTIMIZATION_LEVEL = "-Onone";
				TARGETED_DEVICE_FAMILY = "1,2";
			};
			name = Debug;
		};
		54FBD9F71C664F2800454B65 /* Release */ = {
			isa = XCBuildConfiguration;
			buildSettings = {
				ALWAYS_SEARCH_USER_PATHS = NO;
				CLANG_CXX_LANGUAGE_STANDARD = "gnu++0x";
				CLANG_CXX_LIBRARY = "libc++";
				CLANG_ENABLE_MODULES = YES;
				CLANG_ENABLE_OBJC_ARC = YES;
				CLANG_WARN_BOOL_CONVERSION = YES;
				CLANG_WARN_CONSTANT_CONVERSION = YES;
				CLANG_WARN_DIRECT_OBJC_ISA_USAGE = YES_ERROR;
				CLANG_WARN_EMPTY_BODY = YES;
				CLANG_WARN_ENUM_CONVERSION = YES;
				CLANG_WARN_INFINITE_RECURSION = YES;
				CLANG_WARN_INT_CONVERSION = YES;
				CLANG_WARN_OBJC_ROOT_CLASS = YES_ERROR;
				CLANG_WARN_SUSPICIOUS_MOVE = YES;
				CLANG_WARN_UNREACHABLE_CODE = YES;
				CLANG_WARN__DUPLICATE_METHOD_MATCH = YES;
				"CODE_SIGN_IDENTITY[sdk=iphoneos*]" = "iPhone Developer";
				COPY_PHASE_STRIP = NO;
				DEBUG_INFORMATION_FORMAT = "dwarf-with-dsym";
				ENABLE_NS_ASSERTIONS = NO;
				ENABLE_STRICT_OBJC_MSGSEND = YES;
				GCC_C_LANGUAGE_STANDARD = gnu99;
				GCC_NO_COMMON_BLOCKS = YES;
				GCC_WARN_64_TO_32_BIT_CONVERSION = YES;
				GCC_WARN_ABOUT_RETURN_TYPE = YES_ERROR;
				GCC_WARN_UNDECLARED_SELECTOR = YES;
				GCC_WARN_UNINITIALIZED_AUTOS = YES_AGGRESSIVE;
				GCC_WARN_UNUSED_FUNCTION = YES;
				GCC_WARN_UNUSED_VARIABLE = YES;
				IPHONEOS_DEPLOYMENT_TARGET = 9.2;
				MTL_ENABLE_DEBUG_INFO = NO;
				SDKROOT = iphoneos;
				SWIFT_OPTIMIZATION_LEVEL = "-Owholemodule";
				TARGETED_DEVICE_FAMILY = "1,2";
				VALIDATE_PRODUCT = YES;
			};
			name = Release;
		};
		54FBD9F91C664F2800454B65 /* Debug */ = {
			isa = XCBuildConfiguration;
			buildSettings = {
				ALWAYS_EMBED_SWIFT_STANDARD_LIBRARIES = YES;
				ASSETCATALOG_COMPILER_APPICON_NAME = AppIcon;
				CLANG_ENABLE_MODULES = YES;
				FRAMEWORK_SEARCH_PATHS = (
					"$(inherited)",
					"$(PROJECT_DIR)/Carthage/Build/iOS",
				);
				INFOPLIST_FILE = "ScrollableTabs-Example/Info.plist";
				LD_RUNPATH_SEARCH_PATHS = "$(inherited) @executable_path/Frameworks";
				PRODUCT_BUNDLE_IDENTIFIER = "org.cocoapods.demo.ScrollableTabs-Example";
				PRODUCT_NAME = "$(TARGET_NAME)";
				SWIFT_OPTIMIZATION_LEVEL = "-Onone";
				SWIFT_VERSION = 3.0;
			};
			name = Debug;
		};
		54FBD9FA1C664F2800454B65 /* Release */ = {
			isa = XCBuildConfiguration;
			buildSettings = {
				ALWAYS_EMBED_SWIFT_STANDARD_LIBRARIES = YES;
				ASSETCATALOG_COMPILER_APPICON_NAME = AppIcon;
				CLANG_ENABLE_MODULES = YES;
				FRAMEWORK_SEARCH_PATHS = (
					"$(inherited)",
					"$(PROJECT_DIR)/Carthage/Build/iOS",
				);
				INFOPLIST_FILE = "ScrollableTabs-Example/Info.plist";
				LD_RUNPATH_SEARCH_PATHS = "$(inherited) @executable_path/Frameworks";
				PRODUCT_BUNDLE_IDENTIFIER = "org.cocoapods.demo.ScrollableTabs-Example";
				PRODUCT_NAME = "$(TARGET_NAME)";
				SWIFT_VERSION = 3.0;
			};
			name = Release;
		};
/* End XCBuildConfiguration section */

/* Begin XCConfigurationList section */
		54FBD9E11C664F2800454B65 /* Build configuration list for PBXProject "ScrollableTabs-Example" */ = {
			isa = XCConfigurationList;
			buildConfigurations = (
				54FBD9F61C664F2800454B65 /* Debug */,
				54FBD9F71C664F2800454B65 /* Release */,
			);
			defaultConfigurationIsVisible = 0;
			defaultConfigurationName = Release;
		};
		54FBD9F81C664F2800454B65 /* Build configuration list for PBXNativeTarget "ScrollableTabs-Example" */ = {
			isa = XCConfigurationList;
			buildConfigurations = (
				54FBD9F91C664F2800454B65 /* Debug */,
				54FBD9FA1C664F2800454B65 /* Release */,
			);
			defaultConfigurationIsVisible = 0;
			defaultConfigurationName = Release;
		};
/* End XCConfigurationList section */
	};
	rootObject = 54FBD9DE1C664F2800454B65 /* Project object */;
}
